
Microsoft Visual Studio Solution File, Format Version 12.00
# Visual Studio Version 16
VisualStudioVersion = 16.0.30611.23
MinimumVisualStudioVersion = 10.0.40219.1
Project("{FAE04EC0-301F-11D3-BF4B-00C04F79EFBC}") = "For_myself_3", "For_myself_3\For_myself_3.csproj", "{31747948-CABE-478D-9FB1-F0A2A438515C}"
EndProject
Global
	GlobalSection(SolutionConfigurationPlatforms) = preSolution
		Debug|Any CPU = Debug|Any CPU
		Release|Any CPU = Release|Any CPU
	EndGlobalSection
	GlobalSection(ProjectConfigurationPlatforms) = postSolution
		{31747948-CABE-478D-9FB1-F0A2A438515C}.Debug|Any CPU.ActiveCfg = Debug|Any CPU
		{31747948-CABE-478D-9FB1-F0A2A438515C}.Debug|Any CPU.Build.0 = Debug|Any CPU
		{31747948-CABE-478D-9FB1-F0A2A438515C}.Release|Any CPU.ActiveCfg = Release|Any CPU
		{31747948-CABE-478D-9FB1-F0A2A438515C}.Release|Any CPU.Build.0 = Release|Any CPU
	EndGlobalSection
	GlobalSection(SolutionProperties) = preSolution
		HideSolutionNode = FALSE
	EndGlobalSection
	GlobalSection(ExtensibilityGlobals) = postSolution
		SolutionGuid = {F98D0FB3-FFFC-4E9D-AF71-F6E8E1D59B2C}
	EndGlobalSection
EndGlobal
